
Microsoft Visual Studio Solution File, Format Version 12.00
Project("{FAE04EC0-301F-11D3-BF4B-00C04F79EFBC}") = "chargen-nancy-add2", "chargen-nancy-add2\chargen-nancy-add2.csproj", "{F88ED9EC-331E-4F2B-920E-BD9E97E86A12}"
EndProject
Project("{FAE04EC0-301F-11D3-BF4B-00C04F79EFBC}") = "chargen-nancy-tests", "chargen-nancy-tests\chargen-nancy-tests.csproj", "{35F80387-2D0D-4C76-9FA0-5DF98C996220}"
EndProject
Project("{FAE04EC0-301F-11D3-BF4B-00C04F79EFBC}") = "chargen-nancy-storyteller", "chargen-nancy-storyteller\chargen-nancy-storyteller.csproj", "{40A3D20F-C555-4CFB-964C-BDA11470024A}"
EndProject
Project("{FAE04EC0-301F-11D3-BF4B-00C04F79EFBC}") = "chargen-nancy-dd35", "chargen-nancy-dd35\chargen-nancy-dd35.csproj", "{C76174AF-3526-4D96-B7B5-8EC7CFF09561}"
EndProject
Global
	GlobalSection(SolutionConfigurationPlatforms) = preSolution
		Debug|Any CPU = Debug|Any CPU
		Release|Any CPU = Release|Any CPU
	EndGlobalSection
	GlobalSection(ProjectConfigurationPlatforms) = postSolution
		{F88ED9EC-331E-4F2B-920E-BD9E97E86A12}.Debug|Any CPU.ActiveCfg = Debug|Any CPU
		{F88ED9EC-331E-4F2B-920E-BD9E97E86A12}.Debug|Any CPU.Build.0 = Debug|Any CPU
		{F88ED9EC-331E-4F2B-920E-BD9E97E86A12}.Release|Any CPU.ActiveCfg = Release|Any CPU
		{F88ED9EC-331E-4F2B-920E-BD9E97E86A12}.Release|Any CPU.Build.0 = Release|Any CPU
		{35F80387-2D0D-4C76-9FA0-5DF98C996220}.Debug|Any CPU.ActiveCfg = Debug|Any CPU
		{35F80387-2D0D-4C76-9FA0-5DF98C996220}.Debug|Any CPU.Build.0 = Debug|Any CPU
		{35F80387-2D0D-4C76-9FA0-5DF98C996220}.Release|Any CPU.ActiveCfg = Release|Any CPU
		{35F80387-2D0D-4C76-9FA0-5DF98C996220}.Release|Any CPU.Build.0 = Release|Any CPU
		{40A3D20F-C555-4CFB-964C-BDA11470024A}.Debug|Any CPU.ActiveCfg = Debug|Any CPU
		{40A3D20F-C555-4CFB-964C-BDA11470024A}.Debug|Any CPU.Build.0 = Debug|Any CPU
		{40A3D20F-C555-4CFB-964C-BDA11470024A}.Release|Any CPU.ActiveCfg = Release|Any CPU
		{40A3D20F-C555-4CFB-964C-BDA11470024A}.Release|Any CPU.Build.0 = Release|Any CPU
		{C76174AF-3526-4D96-B7B5-8EC7CFF09561}.Debug|Any CPU.ActiveCfg = Debug|Any CPU
		{C76174AF-3526-4D96-B7B5-8EC7CFF09561}.Debug|Any CPU.Build.0 = Debug|Any CPU
		{C76174AF-3526-4D96-B7B5-8EC7CFF09561}.Release|Any CPU.ActiveCfg = Release|Any CPU
		{C76174AF-3526-4D96-B7B5-8EC7CFF09561}.Release|Any CPU.Build.0 = Release|Any CPU
	EndGlobalSection
EndGlobal
